
Microsoft Visual Studio Solution File, Format Version 12.00
# Visual Studio Version 16
VisualStudioVersion = 16.0.30523.141
MinimumVisualStudioVersion = 10.0.40219.1
Project("{9A19103F-16F7-4668-BE54-9A1E7A4F7556}") = "APIGateway", "Gateway\APIGateway.csproj", "{BDEFD882-8429-4CF6-B38E-2EE12EB18F94}"
EndProject
Project("{E53339B2-1760-4266-BCC7-CA923CBCF16C}") = "docker-compose", "docker-compose.dcproj", "{F72F1FDE-BAD6-48C2-AAF2-615F12A70CEF}"
EndProject
Project("{9A19103F-16F7-4668-BE54-9A1E7A4F7556}") = "FlightServices", "FlightServices\FlightServices.csproj", "{7732C628-8783-4EC5-96D5-B9B49F56A40C}"
EndProject
Project("{9A19103F-16F7-4668-BE54-9A1E7A4F7556}") = "FlightServices.UnitTests", "FlightServices.UnitTests\FlightServices.UnitTests.csproj", "{E2816C8B-2E6C-4329-848C-B6EC97AFA250}"
EndProject
Project("{9A19103F-16F7-4668-BE54-9A1E7A4F7556}") = "IdentityServices", "IdentityServices\IdentityServices.csproj", "{AB1643C5-A6CB-4573-B636-054A4C519E77}"
EndProject
Project("{9A19103F-16F7-4668-BE54-9A1E7A4F7556}") = "ReservationServices", "ReservationServices\ReservationServices.csproj", "{D857BBAF-CD52-4B24-A37D-D511FBC89BCA}"
EndProject
Project("{9A19103F-16F7-4668-BE54-9A1E7A4F7556}") = "RealTimeServices", "RealTimeServices\RealTimeServices.csproj", "{F7B453D9-F0C3-44E7-8D9E-19C88D213A59}"
EndProject
Project("{FAE04EC0-301F-11D3-BF4B-00C04F79EFBC}") = "ReviewServices", "ReviewServices\ReviewServices.csproj", "{293D60E5-61E2-4328-BDDB-5A7B8C5EA267}"
EndProject
Global
	GlobalSection(SolutionConfigurationPlatforms) = preSolution
		Debug|Any CPU = Debug|Any CPU
		Debug|x86 = Debug|x86
		Release|Any CPU = Release|Any CPU
		Release|x86 = Release|x86
	EndGlobalSection
	GlobalSection(ProjectConfigurationPlatforms) = postSolution
		{BDEFD882-8429-4CF6-B38E-2EE12EB18F94}.Debug|Any CPU.ActiveCfg = Debug|Any CPU
		{BDEFD882-8429-4CF6-B38E-2EE12EB18F94}.Debug|Any CPU.Build.0 = Debug|Any CPU
		{BDEFD882-8429-4CF6-B38E-2EE12EB18F94}.Debug|x86.ActiveCfg = Debug|Any CPU
		{BDEFD882-8429-4CF6-B38E-2EE12EB18F94}.Debug|x86.Build.0 = Debug|Any CPU
		{BDEFD882-8429-4CF6-B38E-2EE12EB18F94}.Release|Any CPU.ActiveCfg = Release|Any CPU
		{BDEFD882-8429-4CF6-B38E-2EE12EB18F94}.Release|Any CPU.Build.0 = Release|Any CPU
		{BDEFD882-8429-4CF6-B38E-2EE12EB18F94}.Release|x86.ActiveCfg = Release|Any CPU
		{BDEFD882-8429-4CF6-B38E-2EE12EB18F94}.Release|x86.Build.0 = Release|Any CPU
		{F72F1FDE-BAD6-48C2-AAF2-615F12A70CEF}.Debug|Any CPU.ActiveCfg = Debug|Any CPU
		{F72F1FDE-BAD6-48C2-AAF2-615F12A70CEF}.Debug|Any CPU.Build.0 = Debug|Any CPU
		{F72F1FDE-BAD6-48C2-AAF2-615F12A70CEF}.Debug|x86.ActiveCfg = Debug|Any CPU
		{F72F1FDE-BAD6-48C2-AAF2-615F12A70CEF}.Debug|x86.Build.0 = Debug|Any CPU
		{F72F1FDE-BAD6-48C2-AAF2-615F12A70CEF}.Release|Any CPU.ActiveCfg = Release|Any CPU
		{F72F1FDE-BAD6-48C2-AAF2-615F12A70CEF}.Release|Any CPU.Build.0 = Release|Any CPU
		{F72F1FDE-BAD6-48C2-AAF2-615F12A70CEF}.Release|x86.ActiveCfg = Release|Any CPU
		{F72F1FDE-BAD6-48C2-AAF2-615F12A70CEF}.Release|x86.Build.0 = Release|Any CPU
		{7732C628-8783-4EC5-96D5-B9B49F56A40C}.Debug|Any CPU.ActiveCfg = Debug|Any CPU
		{7732C628-8783-4EC5-96D5-B9B49F56A40C}.Debug|Any CPU.Build.0 = Debug|Any CPU
		{7732C628-8783-4EC5-96D5-B9B49F56A40C}.Debug|x86.ActiveCfg = Debug|Any CPU
		{7732C628-8783-4EC5-96D5-B9B49F56A40C}.Debug|x86.Build.0 = Debug|Any CPU
		{7732C628-8783-4EC5-96D5-B9B49F56A40C}.Release|Any CPU.ActiveCfg = Release|Any CPU
		{7732C628-8783-4EC5-96D5-B9B49F56A40C}.Release|Any CPU.Build.0 = Release|Any CPU
		{7732C628-8783-4EC5-96D5-B9B49F56A40C}.Release|x86.ActiveCfg = Release|Any CPU
		{7732C628-8783-4EC5-96D5-B9B49F56A40C}.Release|x86.Build.0 = Release|Any CPU
		{E2816C8B-2E6C-4329-848C-B6EC97AFA250}.Debug|Any CPU.ActiveCfg = Debug|Any CPU
		{E2816C8B-2E6C-4329-848C-B6EC97AFA250}.Debug|Any CPU.Build.0 = Debug|Any CPU
		{E2816C8B-2E6C-4329-848C-B6EC97AFA250}.Debug|x86.ActiveCfg = Debug|Any CPU
		{E2816C8B-2E6C-4329-848C-B6EC97AFA250}.Debug|x86.Build.0 = Debug|Any CPU
		{E2816C8B-2E6C-4329-848C-B6EC97AFA250}.Release|Any CPU.ActiveCfg = Release|Any CPU
		{E2816C8B-2E6C-4329-848C-B6EC97AFA250}.Release|Any CPU.Build.0 = Release|Any CPU
		{E2816C8B-2E6C-4329-848C-B6EC97AFA250}.Release|x86.ActiveCfg = Release|Any CPU
		{E2816C8B-2E6C-4329-848C-B6EC97AFA250}.Release|x86.Build.0 = Release|Any CPU
		{AB1643C5-A6CB-4573-B636-054A4C519E77}.Debug|Any CPU.ActiveCfg = Debug|Any CPU
		{AB1643C5-A6CB-4573-B636-054A4C519E77}.Debug|Any CPU.Build.0 = Debug|Any CPU
		{AB1643C5-A6CB-4573-B636-054A4C519E77}.Debug|x86.ActiveCfg = Debug|Any CPU
		{AB1643C5-A6CB-4573-B636-054A4C519E77}.Debug|x86.Build.0 = Debug|Any CPU
		{AB1643C5-A6CB-4573-B636-054A4C519E77}.Release|Any CPU.ActiveCfg = Release|Any CPU
		{AB1643C5-A6CB-4573-B636-054A4C519E77}.Release|Any CPU.Build.0 = Release|Any CPU
		{AB1643C5-A6CB-4573-B636-054A4C519E77}.Release|x86.ActiveCfg = Release|Any CPU
		{AB1643C5-A6CB-4573-B636-054A4C519E77}.Release|x86.Build.0 = Release|Any CPU
		{D857BBAF-CD52-4B24-A37D-D511FBC89BCA}.Debug|Any CPU.ActiveCfg = Debug|Any CPU
		{D857BBAF-CD52-4B24-A37D-D511FBC89BCA}.Debug|Any CPU.Build.0 = Debug|Any CPU
		{D857BBAF-CD52-4B24-A37D-D511FBC89BCA}.Debug|x86.ActiveCfg = Debug|Any CPU
		{D857BBAF-CD52-4B24-A37D-D511FBC89BCA}.Debug|x86.Build.0 = Debug|Any CPU
		{D857BBAF-CD52-4B24-A37D-D511FBC89BCA}.Release|Any CPU.ActiveCfg = Release|Any CPU
		{D857BBAF-CD52-4B24-A37D-D511FBC89BCA}.Release|Any CPU.Build.0 = Release|Any CPU
		{D857BBAF-CD52-4B24-A37D-D511FBC89BCA}.Release|x86.ActiveCfg = Release|Any CPU
		{D857BBAF-CD52-4B24-A37D-D511FBC89BCA}.Release|x86.Build.0 = Release|Any CPU
		{F7B453D9-F0C3-44E7-8D9E-19C88D213A59}.Debug|Any CPU.ActiveCfg = Debug|Any CPU
		{F7B453D9-F0C3-44E7-8D9E-19C88D213A59}.Debug|Any CPU.Build.0 = Debug|Any CPU
		{F7B453D9-F0C3-44E7-8D9E-19C88D213A59}.Debug|x86.ActiveCfg = Debug|Any CPU
		{F7B453D9-F0C3-44E7-8D9E-19C88D213A59}.Debug|x86.Build.0 = Debug|Any CPU
		{F7B453D9-F0C3-44E7-8D9E-19C88D213A59}.Release|Any CPU.ActiveCfg = Release|Any CPU
		{F7B453D9-F0C3-44E7-8D9E-19C88D213A59}.Release|Any CPU.Build.0 = Release|Any CPU
		{F7B453D9-F0C3-44E7-8D9E-19C88D213A59}.Release|x86.ActiveCfg = Release|Any CPU
		{F7B453D9-F0C3-44E7-8D9E-19C88D213A59}.Release|x86.Build.0 = Release|Any CPU
		{293D60E5-61E2-4328-BDDB-5A7B8C5EA267}.Debug|Any CPU.ActiveCfg = Debug|Any CPU
		{293D60E5-61E2-4328-BDDB-5A7B8C5EA267}.Debug|Any CPU.Build.0 = Debug|Any CPU
		{293D60E5-61E2-4328-BDDB-5A7B8C5EA267}.Debug|x86.ActiveCfg = Debug|Any CPU
		{293D60E5-61E2-4328-BDDB-5A7B8C5EA267}.Debug|x86.Build.0 = Debug|Any CPU
		{293D60E5-61E2-4328-BDDB-5A7B8C5EA267}.Release|Any CPU.ActiveCfg = Release|Any CPU
		{293D60E5-61E2-4328-BDDB-5A7B8C5EA267}.Release|Any CPU.Build.0 = Release|Any CPU
		{293D60E5-61E2-4328-BDDB-5A7B8C5EA267}.Release|x86.ActiveCfg = Release|Any CPU
		{293D60E5-61E2-4328-BDDB-5A7B8C5EA267}.Release|x86.Build.0 = Release|Any CPU
	EndGlobalSection
	GlobalSection(SolutionProperties) = preSolution
		HideSolutionNode = FALSE
	EndGlobalSection
	GlobalSection(ExtensibilityGlobals) = postSolution
		SolutionGuid = {EDA89476-5556-4205-98E0-746E043EEDDD}
	EndGlobalSection
EndGlobal
